
Microsoft Visual Studio Solution File, Format Version 12.00
# Visual Studio Version 17
VisualStudioVersion = 17.13.35825.156 d17.13
MinimumVisualStudioVersion = 10.0.40219.1
Project("{FAE04EC0-301F-11D3-BF4B-00C04F79EFBC}") = "Tn01-WFCadadstrar", "Tn01-WFCadadstrar\Tn01-WFCadadstrar.csproj", "{805659BC-7EB8-4EEC-8EA6-43D16328FF25}"
EndProject
Global
	GlobalSection(SolutionConfigurationPlatforms) = preSolution
		Debug|Any CPU = Debug|Any CPU
		Release|Any CPU = Release|Any CPU
	EndGlobalSection
	GlobalSection(ProjectConfigurationPlatforms) = postSolution
		{805659BC-7EB8-4EEC-8EA6-43D16328FF25}.Debug|Any CPU.ActiveCfg = Debug|Any CPU
		{805659BC-7EB8-4EEC-8EA6-43D16328FF25}.Debug|Any CPU.Build.0 = Debug|Any CPU
		{805659BC-7EB8-4EEC-8EA6-43D16328FF25}.Release|Any CPU.ActiveCfg = Release|Any CPU
		{805659BC-7EB8-4EEC-8EA6-43D16328FF25}.Release|Any CPU.Build.0 = Release|Any CPU
	EndGlobalSection
	GlobalSection(SolutionProperties) = preSolution
		HideSolutionNode = FALSE
	EndGlobalSection
	GlobalSection(ExtensibilityGlobals) = postSolution
		SolutionGuid = {907F2A00-2AB6-45A0-B23B-70A040BD47A1}
	EndGlobalSection
EndGlobal
